// !$*UTF8*$!
{
	archiveVersion = 1;
	classes = {
	};
	objectVersion = 48;
	objects = {

/* Begin PBXBuildFile section */
		2E32B7991F7319BA008FE2BF /* IngredientCell.swift in Sources */ = {isa = PBXBuildFile; fileRef = 2E32B7981F7319BA008FE2BF /* IngredientCell.swift */; };
		2E32B79B1F731BB2008FE2BF /* RecipeDetailDataSource.swift in Sources */ = {isa = PBXBuildFile; fileRef = 2E32B79A1F731BB2008FE2BF /* RecipeDetailDataSource.swift */; };
		2E32B79D1F73200E008FE2BF /* RecipeDetailCellViewModel.swift in Sources */ = {isa = PBXBuildFile; fileRef = 2E32B79C1F73200E008FE2BF /* RecipeDetailCellViewModel.swift */; };
		2E32B79F1F741A89008FE2BF /* EndPoint.swift in Sources */ = {isa = PBXBuildFile; fileRef = 2E32B79E1F741A89008FE2BF /* EndPoint.swift */; };
		2E32B7A11F741A98008FE2BF /* EdamamClient.swift in Sources */ = {isa = PBXBuildFile; fileRef = 2E32B7A01F741A98008FE2BF /* EdamamClient.swift */; };
		2E32B7A31F741DCD008FE2BF /* Result.swift in Sources */ = {isa = PBXBuildFile; fileRef = 2E32B7A21F741DCD008FE2BF /* Result.swift */; };
		2E32B7A51F741F8A008FE2BF /* APIClient.swift in Sources */ = {isa = PBXBuildFile; fileRef = 2E32B7A41F741F8A008FE2BF /* APIClient.swift */; };
		2E88027E1F72F6B9008BD71B /* RecipeDetailViewController.swift in Sources */ = {isa = PBXBuildFile; fileRef = 2E88027D1F72F6B9008BD71B /* RecipeDetailViewController.swift */; };
		2E8802831F72FFB5008BD71B /* RecipeCellViewModel.swift in Sources */ = {isa = PBXBuildFile; fileRef = 2E8802821F72FFB5008BD71B /* RecipeCellViewModel.swift */; };
		2E8802851F730082008BD71B /* Recipe.swift in Sources */ = {isa = PBXBuildFile; fileRef = 2E8802841F730082008BD71B /* Recipe.swift */; };
		2E8802891F730D9F008BD71B /* JSONDecodable.swift in Sources */ = {isa = PBXBuildFile; fileRef = 2E8802881F730D9F008BD71B /* JSONDecodable.swift */; };
		2E8EF0421F71649F00D42B09 /* AppDelegate.swift in Sources */ = {isa = PBXBuildFile; fileRef = 2E8EF0411F71649F00D42B09 /* AppDelegate.swift */; };
		2E8EF0471F71649F00D42B09 /* Main.storyboard in Resources */ = {isa = PBXBuildFile; fileRef = 2E8EF0451F71649F00D42B09 /* Main.storyboard */; };
		2E8EF0491F71649F00D42B09 /* Assets.xcassets in Resources */ = {isa = PBXBuildFile; fileRef = 2E8EF0481F71649F00D42B09 /* Assets.xcassets */; };
		2E8EF04C1F71649F00D42B09 /* LaunchScreen.storyboard in Resources */ = {isa = PBXBuildFile; fileRef = 2E8EF04A1F71649F00D42B09 /* LaunchScreen.storyboard */; };
		2E8EF05B1F7168E700D42B09 /* SearchRecipeViewController.swift in Sources */ = {isa = PBXBuildFile; fileRef = 2E8EF05A1F7168E700D42B09 /* SearchRecipeViewController.swift */; };
		2E8EF0621F71784600D42B09 /* SearchRecipesDataSource.swift in Sources */ = {isa = PBXBuildFile; fileRef = 2E8EF0611F71784600D42B09 /* SearchRecipesDataSource.swift */; };
		2E8EF0651F717DB300D42B09 /* RecipeResultCell.swift in Sources */ = {isa = PBXBuildFile; fileRef = 2E8EF0641F717DB300D42B09 /* RecipeResultCell.swift */; };
		2E8EF0671F717F2700D42B09 /* SearchRecipeCollectionFlowDelegate.swift in Sources */ = {isa = PBXBuildFile; fileRef = 2E8EF0661F717F2700D42B09 /* SearchRecipeCollectionFlowDelegate.swift */; };
		2EA56A151F75B16700FEC5D2 /* IngredientCellViewModel.swift in Sources */ = {isa = PBXBuildFile; fileRef = 2EA56A141F75B16700FEC5D2 /* IngredientCellViewModel.swift */; };
		2EA56A1B1F75B3AD00FEC5D2 /* Ingredient.swift in Sources */ = {isa = PBXBuildFile; fileRef = 2EA56A1A1F75B3AD00FEC5D2 /* Ingredient.swift */; };
		2EA56A1D1F75BEDC00FEC5D2 /* SearchRecipeDelegate.swift in Sources */ = {isa = PBXBuildFile; fileRef = 2EA56A1C1F75BEDC00FEC5D2 /* SearchRecipeDelegate.swift */; };
/* End PBXBuildFile section */

/* Begin PBXFileReference section */
		2E32B7981F7319BA008FE2BF /* IngredientCell.swift */ = {isa = PBXFileReference; lastKnownFileType = sourcecode.swift; path = IngredientCell.swift; sourceTree = "<group>"; };
		2E32B79A1F731BB2008FE2BF /* RecipeDetailDataSource.swift */ = {isa = PBXFileReference; lastKnownFileType = sourcecode.swift; path = RecipeDetailDataSource.swift; sourceTree = "<group>"; };
		2E32B79C1F73200E008FE2BF /* RecipeDetailCellViewModel.swift */ = {isa = PBXFileReference; lastKnownFileType = sourcecode.swift; path = RecipeDetailCellViewModel.swift; sourceTree = "<group>"; };
		2E32B79E1F741A89008FE2BF /* EndPoint.swift */ = {isa = PBXFileReference; lastKnownFileType = sourcecode.swift; path = EndPoint.swift; sourceTree = "<group>"; };
		2E32B7A01F741A98008FE2BF /* EdamamClient.swift */ = {isa = PBXFileReference; lastKnownFileType = sourcecode.swift; path = EdamamClient.swift; sourceTree = "<group>"; };
		2E32B7A21F741DCD008FE2BF /* Result.swift */ = {isa = PBXFileReference; lastKnownFileType = sourcecode.swift; path = Result.swift; sourceTree = "<group>"; };
		2E32B7A41F741F8A008FE2BF /* APIClient.swift */ = {isa = PBXFileReference; lastKnownFileType = sourcecode.swift; path = APIClient.swift; sourceTree = "<group>"; };
		2E88027D1F72F6B9008BD71B /* RecipeDetailViewController.swift */ = {isa = PBXFileReference; lastKnownFileType = sourcecode.swift; path = RecipeDetailViewController.swift; sourceTree = "<group>"; };
		2E8802821F72FFB5008BD71B /* RecipeCellViewModel.swift */ = {isa = PBXFileReference; lastKnownFileType = sourcecode.swift; path = RecipeCellViewModel.swift; sourceTree = "<group>"; };
		2E8802841F730082008BD71B /* Recipe.swift */ = {isa = PBXFileReference; lastKnownFileType = sourcecode.swift; path = Recipe.swift; sourceTree = "<group>"; };
		2E8802881F730D9F008BD71B /* JSONDecodable.swift */ = {isa = PBXFileReference; lastKnownFileType = sourcecode.swift; path = JSONDecodable.swift; sourceTree = "<group>"; };
		2E8EF03E1F71649F00D42B09 /* RecipeFinder.app */ = {isa = PBXFileReference; explicitFileType = wrapper.application; includeInIndex = 0; path = RecipeFinder.app; sourceTree = BUILT_PRODUCTS_DIR; };
		2E8EF0411F71649F00D42B09 /* AppDelegate.swift */ = {isa = PBXFileReference; lastKnownFileType = sourcecode.swift; path = AppDelegate.swift; sourceTree = "<group>"; };
		2E8EF0461F71649F00D42B09 /* Base */ = {isa = PBXFileReference; lastKnownFileType = file.storyboard; name = Base; path = Base.lproj/Main.storyboard; sourceTree = "<group>"; };
		2E8EF0481F71649F00D42B09 /* Assets.xcassets */ = {isa = PBXFileReference; lastKnownFileType = folder.assetcatalog; path = Assets.xcassets; sourceTree = "<group>"; };
		2E8EF04B1F71649F00D42B09 /* Base */ = {isa = PBXFileReference; lastKnownFileType = file.storyboard; name = Base; path = Base.lproj/LaunchScreen.storyboard; sourceTree = "<group>"; };
		2E8EF04D1F71649F00D42B09 /* Info.plist */ = {isa = PBXFileReference; lastKnownFileType = text.plist.xml; path = Info.plist; sourceTree = "<group>"; };
		2E8EF05A1F7168E700D42B09 /* SearchRecipeViewController.swift */ = {isa = PBXFileReference; lastKnownFileType = sourcecode.swift; path = SearchRecipeViewController.swift; sourceTree = "<group>"; };
		2E8EF0611F71784600D42B09 /* SearchRecipesDataSource.swift */ = {isa = PBXFileReference; lastKnownFileType = sourcecode.swift; path = SearchRecipesDataSource.swift; sourceTree = "<group>"; };
		2E8EF0641F717DB300D42B09 /* RecipeResultCell.swift */ = {isa = PBXFileReference; lastKnownFileType = sourcecode.swift; path = RecipeResultCell.swift; sourceTree = "<group>"; };
		2E8EF0661F717F2700D42B09 /* SearchRecipeCollectionFlowDelegate.swift */ = {isa = PBXFileReference; lastKnownFileType = sourcecode.swift; path = SearchRecipeCollectionFlowDelegate.swift; sourceTree = "<group>"; };
		2EA56A141F75B16700FEC5D2 /* IngredientCellViewModel.swift */ = {isa = PBXFileReference; lastKnownFileType = sourcecode.swift; path = IngredientCellViewModel.swift; sourceTree = "<group>"; };
		2EA56A1A1F75B3AD00FEC5D2 /* Ingredient.swift */ = {isa = PBXFileReference; lastKnownFileType = sourcecode.swift; path = Ingredient.swift; sourceTree = "<group>"; };
		2EA56A1C1F75BEDC00FEC5D2 /* SearchRecipeDelegate.swift */ = {isa = PBXFileReference; lastKnownFileType = sourcecode.swift; path = SearchRecipeDelegate.swift; sourceTree = "<group>"; };
/* End PBXFileReference section */

/* Begin PBXFrameworksBuildPhase section */
		2E8EF03B1F71649F00D42B09 /* Frameworks */ = {
			isa = PBXFrameworksBuildPhase;
			buildActionMask = 2147483647;
			files = (
			);
			runOnlyForDeploymentPostprocessing = 0;
		};
/* End PBXFrameworksBuildPhase section */

/* Begin PBXGroup section */
		2E8EF0351F71649F00D42B09 = {
			isa = PBXGroup;
			children = (
				2E8EF0401F71649F00D42B09 /* RecipeFinder */,
				2E8EF03F1F71649F00D42B09 /* Products */,
			);
			sourceTree = "<group>";
		};
		2E8EF03F1F71649F00D42B09 /* Products */ = {
			isa = PBXGroup;
			children = (
				2E8EF03E1F71649F00D42B09 /* RecipeFinder.app */,
			);
			name = Products;
			sourceTree = "<group>";
		};
		2E8EF0401F71649F00D42B09 /* RecipeFinder */ = {
			isa = PBXGroup;
			children = (
				2E8EF0531F7165AB00D42B09 /* Models */,
				2EA56A191F75B31F00FEC5D2 /* Search */,
				2EA56A181F75B30D00FEC5D2 /* RecipeDetail */,
				2EA56A161F75B2FA00FEC5D2 /* Ingredient */,
				2E8EF0561F7165C800D42B09 /* Views */,
				2E8EF0551F7165BF00D42B09 /* Delegates */,
				2E8EF0591F71660300D42B09 /* Networking */,
				2E8EF0571F7165D500D42B09 /* Supporting Files */,
			);
			path = RecipeFinder;
			sourceTree = "<group>";
		};
		2E8EF0531F7165AB00D42B09 /* Models */ = {
			isa = PBXGroup;
			children = (
				2E8802841F730082008BD71B /* Recipe.swift */,
				2EA56A1A1F75B3AD00FEC5D2 /* Ingredient.swift */,
			);
			path = Models;
			sourceTree = "<group>";
		};
		2E8EF0551F7165BF00D42B09 /* Delegates */ = {
			isa = PBXGroup;
			children = (
				2E8EF0411F71649F00D42B09 /* AppDelegate.swift */,
			);
			path = Delegates;
			sourceTree = "<group>";
		};
		2E8EF0561F7165C800D42B09 /* Views */ = {
			isa = PBXGroup;
			children = (
				2E8EF04A1F71649F00D42B09 /* LaunchScreen.storyboard */,
				2E8EF0451F71649F00D42B09 /* Main.storyboard */,
			);
			path = Views;
			sourceTree = "<group>";
		};
		2E8EF0571F7165D500D42B09 /* Supporting Files */ = {
			isa = PBXGroup;
			children = (
				2E8EF04D1F71649F00D42B09 /* Info.plist */,
				2E8EF0481F71649F00D42B09 /* Assets.xcassets */,
			);
			path = "Supporting Files";
			sourceTree = "<group>";
		};
		2E8EF0591F71660300D42B09 /* Networking */ = {
			isa = PBXGroup;
			children = (
				2E8802881F730D9F008BD71B /* JSONDecodable.swift */,
				2E32B79E1F741A89008FE2BF /* EndPoint.swift */,
				2E32B7A01F741A98008FE2BF /* EdamamClient.swift */,
				2E32B7A21F741DCD008FE2BF /* Result.swift */,
				2E32B7A41F741F8A008FE2BF /* APIClient.swift */,
			);
			path = Networking;
			sourceTree = "<group>";
		};
		2EA56A161F75B2FA00FEC5D2 /* Ingredient */ = {
			isa = PBXGroup;
			children = (
				2E32B7981F7319BA008FE2BF /* IngredientCell.swift */,
				2EA56A141F75B16700FEC5D2 /* IngredientCellViewModel.swift */,
			);
			path = Ingredient;
			sourceTree = "<group>";
		};
		2EA56A181F75B30D00FEC5D2 /* RecipeDetail */ = {
			isa = PBXGroup;
			children = (
				2E88027D1F72F6B9008BD71B /* RecipeDetailViewController.swift */,
				2E32B79C1F73200E008FE2BF /* RecipeDetailCellViewModel.swift */,
				2E32B79A1F731BB2008FE2BF /* RecipeDetailDataSource.swift */,
			);
			path = RecipeDetail;
			sourceTree = "<group>";
		};
		2EA56A191F75B31F00FEC5D2 /* Search */ = {
			isa = PBXGroup;
			children = (
				2E8EF05A1F7168E700D42B09 /* SearchRecipeViewController.swift */,
				2E8EF0611F71784600D42B09 /* SearchRecipesDataSource.swift */,
				2E8EF0661F717F2700D42B09 /* SearchRecipeCollectionFlowDelegate.swift */,
				2E8EF0641F717DB300D42B09 /* RecipeResultCell.swift */,
				2E8802821F72FFB5008BD71B /* RecipeCellViewModel.swift */,
				2EA56A1C1F75BEDC00FEC5D2 /* SearchRecipeDelegate.swift */,
			);
			path = Search;
			sourceTree = "<group>";
		};
/* End PBXGroup section */

/* Begin PBXNativeTarget section */
		2E8EF03D1F71649F00D42B09 /* RecipeFinder */ = {
			isa = PBXNativeTarget;
			buildConfigurationList = 2E8EF0501F71649F00D42B09 /* Build configuration list for PBXNativeTarget "RecipeFinder" */;
			buildPhases = (
				2E8EF03A1F71649F00D42B09 /* Sources */,
				2E8EF03B1F71649F00D42B09 /* Frameworks */,
				2E8EF03C1F71649F00D42B09 /* Resources */,
			);
			buildRules = (
			);
			dependencies = (
			);
			name = RecipeFinder;
			productName = RecipeFinder;
			productReference = 2E8EF03E1F71649F00D42B09 /* RecipeFinder.app */;
			productType = "com.apple.product-type.application";
		};
/* End PBXNativeTarget section */

/* Begin PBXProject section */
		2E8EF0361F71649F00D42B09 /* Project object */ = {
			isa = PBXProject;
			attributes = {
				LastSwiftUpdateCheck = 0900;
				LastUpgradeCheck = 0900;
				ORGANIZATIONNAME = "David Anglin";
				TargetAttributes = {
					2E8EF03D1F71649F00D42B09 = {
						CreatedOnToolsVersion = 9.0;
						LastSwiftMigration = 0900;
						ProvisioningStyle = Automatic;
					};
				};
			};
			buildConfigurationList = 2E8EF0391F71649F00D42B09 /* Build configuration list for PBXProject "RecipeFinder" */;
			compatibilityVersion = "Xcode 8.0";
			developmentRegion = en;
			hasScannedForEncodings = 0;
			knownRegions = (
				en,
				Base,
			);
			mainGroup = 2E8EF0351F71649F00D42B09;
			productRefGroup = 2E8EF03F1F71649F00D42B09 /* Products */;
			projectDirPath = "";
			projectRoot = "";
			targets = (
				2E8EF03D1F71649F00D42B09 /* RecipeFinder */,
			);
		};
/* End PBXProject section */

/* Begin PBXResourcesBuildPhase section */
		2E8EF03C1F71649F00D42B09 /* Resources */ = {
			isa = PBXResourcesBuildPhase;
			buildActionMask = 2147483647;
			files = (
				2E8EF04C1F71649F00D42B09 /* LaunchScreen.storyboard in Resources */,
				2E8EF0491F71649F00D42B09 /* Assets.xcassets in Resources */,
				2E8EF0471F71649F00D42B09 /* Main.storyboard in Resources */,
			);
			runOnlyForDeploymentPostprocessing = 0;
		};
/* End PBXResourcesBuildPhase section */

/* Begin PBXSourcesBuildPhase section */
		2E8EF03A1F71649F00D42B09 /* Sources */ = {
			isa = PBXSourcesBuildPhase;
			buildActionMask = 2147483647;
			files = (
				2E8EF0651F717DB300D42B09 /* RecipeResultCell.swift in Sources */,
				2E32B7A51F741F8A008FE2BF /* APIClient.swift in Sources */,
				2E8802891F730D9F008BD71B /* JSONDecodable.swift in Sources */,
				2EA56A151F75B16700FEC5D2 /* IngredientCellViewModel.swift in Sources */,
				2EA56A1D1F75BEDC00FEC5D2 /* SearchRecipeDelegate.swift in Sources */,
				2E8EF0621F71784600D42B09 /* SearchRecipesDataSource.swift in Sources */,
				2E8EF0671F717F2700D42B09 /* SearchRecipeCollectionFlowDelegate.swift in Sources */,
				2E32B79B1F731BB2008FE2BF /* RecipeDetailDataSource.swift in Sources */,
				2E32B7A31F741DCD008FE2BF /* Result.swift in Sources */,
				2EA56A1B1F75B3AD00FEC5D2 /* Ingredient.swift in Sources */,
				2E32B7A11F741A98008FE2BF /* EdamamClient.swift in Sources */,
				2E32B79D1F73200E008FE2BF /* RecipeDetailCellViewModel.swift in Sources */,
				2E8802831F72FFB5008BD71B /* RecipeCellViewModel.swift in Sources */,
				2E32B7991F7319BA008FE2BF /* IngredientCell.swift in Sources */,
				2E8EF05B1F7168E700D42B09 /* SearchRecipeViewController.swift in Sources */,
				2E88027E1F72F6B9008BD71B /* RecipeDetailViewController.swift in Sources */,
				2E8EF0421F71649F00D42B09 /* AppDelegate.swift in Sources */,
				2E32B79F1F741A89008FE2BF /* EndPoint.swift in Sources */,
				2E8802851F730082008BD71B /* Recipe.swift in Sources */,
			);
			runOnlyForDeploymentPostprocessing = 0;
		};
/* End PBXSourcesBuildPhase section */

/* Begin PBXVariantGroup section */
		2E8EF0451F71649F00D42B09 /* Main.storyboard */ = {
			isa = PBXVariantGroup;
			children = (
				2E8EF0461F71649F00D42B09 /* Base */,
			);
			name = Main.storyboard;
			sourceTree = "<group>";
		};
		2E8EF04A1F71649F00D42B09 /* LaunchScreen.storyboard */ = {
			isa = PBXVariantGroup;
			children = (
				2E8EF04B1F71649F00D42B09 /* Base */,
			);
			name = LaunchScreen.storyboard;
			sourceTree = "<group>";
		};
/* End PBXVariantGroup section */

/* Begin XCBuildConfiguration section */
		2E8EF04E1F71649F00D42B09 /* Debug */ = {
			isa = XCBuildConfiguration;
			buildSettings = {
				ALWAYS_SEARCH_USER_PATHS = NO;
				CLANG_ANALYZER_NONNULL = YES;
				CLANG_ANALYZER_NUMBER_OBJECT_CONVERSION = YES_AGGRESSIVE;
				CLANG_CXX_LANGUAGE_STANDARD = "gnu++14";
				CLANG_CXX_LIBRARY = "libc++";
				CLANG_ENABLE_MODULES = YES;
				CLANG_ENABLE_OBJC_ARC = YES;
				CLANG_WARN_BLOCK_CAPTURE_AUTORELEASING = YES;
				CLANG_WARN_BOOL_CONVERSION = YES;
				CLANG_WARN_COMMA = YES;
				CLANG_WARN_CONSTANT_CONVERSION = YES;
				CLANG_WARN_DIRECT_OBJC_ISA_USAGE = YES_ERROR;
				CLANG_WARN_DOCUMENTATION_COMMENTS = YES;
				CLANG_WARN_EMPTY_BODY = YES;
				CLANG_WARN_ENUM_CONVERSION = YES;
				CLANG_WARN_INFINITE_RECURSION = YES;
				CLANG_WARN_INT_CONVERSION = YES;
				CLANG_WARN_NON_LITERAL_NULL_CONVERSION = YES;
				CLANG_WARN_OBJC_LITERAL_CONVERSION = YES;
				CLANG_WARN_OBJC_ROOT_CLASS = YES_ERROR;
				CLANG_WARN_RANGE_LOOP_ANALYSIS = YES;
				CLANG_WARN_STRICT_PROTOTYPES = YES;
				CLANG_WARN_SUSPICIOUS_MOVE = YES;
				CLANG_WARN_UNGUARDED_AVAILABILITY = YES_AGGRESSIVE;
				CLANG_WARN_UNREACHABLE_CODE = YES;
				CLANG_WARN__DUPLICATE_METHOD_MATCH = YES;
				CODE_SIGN_IDENTITY = "iPhone Developer";
				COPY_PHASE_STRIP = NO;
				DEBUG_INFORMATION_FORMAT = dwarf;
				ENABLE_STRICT_OBJC_MSGSEND = YES;
				ENABLE_TESTABILITY = YES;
				GCC_C_LANGUAGE_STANDARD = gnu11;
				GCC_DYNAMIC_NO_PIC = NO;
				GCC_NO_COMMON_BLOCKS = YES;
				GCC_OPTIMIZATION_LEVEL = 0;
				GCC_PREPROCESSOR_DEFINITIONS = (
					"DEBUG=1",
					"$(inherited)",
				);
				GCC_WARN_64_TO_32_BIT_CONVERSION = YES;
				GCC_WARN_ABOUT_RETURN_TYPE = YES_ERROR;
				GCC_WARN_UNDECLARED_SELECTOR = YES;
				GCC_WARN_UNINITIALIZED_AUTOS = YES_AGGRESSIVE;
				GCC_WARN_UNUSED_FUNCTION = YES;
				GCC_WARN_UNUSED_VARIABLE = YES;
				IPHONEOS_DEPLOYMENT_TARGET = 10.3;
				MTL_ENABLE_DEBUG_INFO = YES;
				ONLY_ACTIVE_ARCH = YES;
				SDKROOT = iphoneos;
				SWIFT_ACTIVE_COMPILATION_CONDITIONS = DEBUG;
				SWIFT_OPTIMIZATION_LEVEL = "-Onone";
			};
			name = Debug;
		};
		2E8EF04F1F71649F00D42B09 /* Release */ = {
			isa = XCBuildConfiguration;
			buildSettings = {
				ALWAYS_SEARCH_USER_PATHS = NO;
				CLANG_ANALYZER_NONNULL = YES;
				CLANG_ANALYZER_NUMBER_OBJECT_CONVERSION = YES_AGGRESSIVE;
				CLANG_CXX_LANGUAGE_STANDARD = "gnu++14";
				CLANG_CXX_LIBRARY = "libc++";
				CLANG_ENABLE_MODULES = YES;
				CLANG_ENABLE_OBJC_ARC = YES;
				CLANG_WARN_BLOCK_CAPTURE_AUTORELEASING = YES;
				CLANG_WARN_BOOL_CONVERSION = YES;
				CLANG_WARN_COMMA = YES;
				CLANG_WARN_CONSTANT_CONVERSION = YES;
				CLANG_WARN_DIRECT_OBJC_ISA_USAGE = YES_ERROR;
				CLANG_WARN_DOCUMENTATION_COMMENTS = YES;
				CLANG_WARN_EMPTY_BODY = YES;
				CLANG_WARN_ENUM_CONVERSION = YES;
				CLANG_WARN_INFINITE_RECURSION = YES;
				CLANG_WARN_INT_CONVERSION = YES;
				CLANG_WARN_NON_LITERAL_NULL_CONVERSION = YES;
				CLANG_WARN_OBJC_LITERAL_CONVERSION = YES;
				CLANG_WARN_OBJC_ROOT_CLASS = YES_ERROR;
				CLANG_WARN_RANGE_LOOP_ANALYSIS = YES;
				CLANG_WARN_STRICT_PROTOTYPES = YES;
				CLANG_WARN_SUSPICIOUS_MOVE = YES;
				CLANG_WARN_UNGUARDED_AVAILABILITY = YES_AGGRESSIVE;
				CLANG_WARN_UNREACHABLE_CODE = YES;
				CLANG_WARN__DUPLICATE_METHOD_MATCH = YES;
				CODE_SIGN_IDENTITY = "iPhone Developer";
				COPY_PHASE_STRIP = NO;
				DEBUG_INFORMATION_FORMAT = "dwarf-with-dsym";
				ENABLE_NS_ASSERTIONS = NO;
				ENABLE_STRICT_OBJC_MSGSEND = YES;
				GCC_C_LANGUAGE_STANDARD = gnu11;
				GCC_NO_COMMON_BLOCKS = YES;
				GCC_WARN_64_TO_32_BIT_CONVERSION = YES;
				GCC_WARN_ABOUT_RETURN_TYPE = YES_ERROR;
				GCC_WARN_UNDECLARED_SELECTOR = YES;
				GCC_WARN_UNINITIALIZED_AUTOS = YES_AGGRESSIVE;
				GCC_WARN_UNUSED_FUNCTION = YES;
				GCC_WARN_UNUSED_VARIABLE = YES;
				IPHONEOS_DEPLOYMENT_TARGET = 10.3;
				MTL_ENABLE_DEBUG_INFO = NO;
				SDKROOT = iphoneos;
				SWIFT_OPTIMIZATION_LEVEL = "-Owholemodule";
				VALIDATE_PRODUCT = YES;
			};
			name = Release;
		};
		2E8EF0511F71649F00D42B09 /* Debug */ = {
			isa = XCBuildConfiguration;
			buildSettings = {
				ASSETCATALOG_COMPILER_APPICON_NAME = AppIcon;
				CODE_SIGN_STYLE = Automatic;
				DEVELOPMENT_TEAM = 98KAY253SB;
				INFOPLIST_FILE = "$(SRCROOT)/RecipeFinder/Supporting Files/Info.plist";
				IPHONEOS_DEPLOYMENT_TARGET = 10.0;
				LD_RUNPATH_SEARCH_PATHS = "$(inherited) @executable_path/Frameworks";
				PRODUCT_BUNDLE_IDENTIFIER = com.davidanglin.RecipeFinder;
				PRODUCT_NAME = "$(TARGET_NAME)";
				SWIFT_VERSION = 3.0;
				TARGETED_DEVICE_FAMILY = 1;
			};
			name = Debug;
		};
		2E8EF0521F71649F00D42B09 /* Release */ = {
			isa = XCBuildConfiguration;
			buildSettings = {
				ASSETCATALOG_COMPILER_APPICON_NAME = AppIcon;
				CODE_SIGN_STYLE = Automatic;
				DEVELOPMENT_TEAM = 98KAY253SB;
				INFOPLIST_FILE = "$(SRCROOT)/RecipeFinder/Supporting Files/Info.plist";
				IPHONEOS_DEPLOYMENT_TARGET = 10.0;
				LD_RUNPATH_SEARCH_PATHS = "$(inherited) @executable_path/Frameworks";
				PRODUCT_BUNDLE_IDENTIFIER = com.davidanglin.RecipeFinder;
				PRODUCT_NAME = "$(TARGET_NAME)";
				SWIFT_VERSION = 3.0;
				TARGETED_DEVICE_FAMILY = 1;
			};
			name = Release;
		};
/* End XCBuildConfiguration section */

/* Begin XCConfigurationList section */
		2E8EF0391F71649F00D42B09 /* Build configuration list for PBXProject "RecipeFinder" */ = {
			isa = XCConfigurationList;
			buildConfigurations = (
				2E8EF04E1F71649F00D42B09 /* Debug */,
				2E8EF04F1F71649F00D42B09 /* Release */,
			);
			defaultConfigurationIsVisible = 0;
			defaultConfigurationName = Release;
		};
		2E8EF0501F71649F00D42B09 /* Build configuration list for PBXNativeTarget "RecipeFinder" */ = {
			isa = XCConfigurationList;
			buildConfigurations = (
				2E8EF0511F71649F00D42B09 /* Debug */,
				2E8EF0521F71649F00D42B09 /* Release */,
			);
			defaultConfigurationIsVisible = 0;
			defaultConfigurationName = Release;
		};
/* End XCConfigurationList section */
	};
	rootObject = 2E8EF0361F71649F00D42B09 /* Project object */;
}
